// !$*UTF8*$!
{
	archiveVersion = 1;
	classes = {
	};
	objectVersion = 50;
	objects = {

/* Begin PBXBuildFile section */
		552643FC25AE6B8F00111284 /* Rate_WatchApp.swift in Sources */ = {isa = PBXBuildFile; fileRef = 552643FB25AE6B8F00111284 /* Rate_WatchApp.swift */; };
		5526440025AE6B9000111284 /* Assets.xcassets in Resources */ = {isa = PBXBuildFile; fileRef = 552643FF25AE6B9000111284 /* Assets.xcassets */; };
		5526440325AE6B9000111284 /* Preview Assets.xcassets in Resources */ = {isa = PBXBuildFile; fileRef = 5526440225AE6B9000111284 /* Preview Assets.xcassets */; };
		5526440525AE6B9000111284 /* PersistenceController.swift in Sources */ = {isa = PBXBuildFile; fileRef = 5526440425AE6B9000111284 /* PersistenceController.swift */; };
		5526441325AE6B9000111284 /* Rate_WatchTests.swift in Sources */ = {isa = PBXBuildFile; fileRef = 5526441225AE6B9000111284 /* Rate_WatchTests.swift */; };
		5526441E25AE6B9000111284 /* Rate_WatchUITests.swift in Sources */ = {isa = PBXBuildFile; fileRef = 5526441D25AE6B9000111284 /* Rate_WatchUITests.swift */; };
		5526443025AE6C3B00111284 /* Data.xcdatamodeld in Sources */ = {isa = PBXBuildFile; fileRef = 5526442E25AE6C3B00111284 /* Data.xcdatamodeld */; };
		552B165725C8731400AEB806 /* TempLap.swift in Sources */ = {isa = PBXBuildFile; fileRef = 552B165625C8731400AEB806 /* TempLap.swift */; };
		552B167925C8C67D00AEB806 /* TempLapDisplayRow.swift in Sources */ = {isa = PBXBuildFile; fileRef = 552B167825C8C67D00AEB806 /* TempLapDisplayRow.swift */; };
		55628FAD25BA6C77009DC6BE /* Constants.swift in Sources */ = {isa = PBXBuildFile; fileRef = 55628FAC25BA6C77009DC6BE /* Constants.swift */; };
		55628FB525BA6D03009DC6BE /* Settings.swift in Sources */ = {isa = PBXBuildFile; fileRef = 55628FB425BA6D03009DC6BE /* Settings.swift */; };
		55628FBA25BA6D5C009DC6BE /* TimeIntervalExtension.swift in Sources */ = {isa = PBXBuildFile; fileRef = 55628FB925BA6D5C009DC6BE /* TimeIntervalExtension.swift */; };
		55628FC225BA6D9D009DC6BE /* TestData.swift in Sources */ = {isa = PBXBuildFile; fileRef = 55628FC125BA6D9D009DC6BE /* TestData.swift */; };
		55628FC825BA6F38009DC6BE /* ColorExtension.swift in Sources */ = {isa = PBXBuildFile; fileRef = 55628FC725BA6F38009DC6BE /* ColorExtension.swift */; };
		55628FD325BA6FF4009DC6BE /* alarm clock.ttf in Resources */ = {isa = PBXBuildFile; fileRef = 55628FD225BA6FF4009DC6BE /* alarm clock.ttf */; };
		55628FD825BA7016009DC6BE /* TimeFormatter.swift in Sources */ = {isa = PBXBuildFile; fileRef = 55628FD725BA7016009DC6BE /* TimeFormatter.swift */; };
		55628FDD25BA7025009DC6BE /* Haptics.swift in Sources */ = {isa = PBXBuildFile; fileRef = 55628FDC25BA7025009DC6BE /* Haptics.swift */; };
		55628FEA25BA70FB009DC6BE /* StopwatchView.swift in Sources */ = {isa = PBXBuildFile; fileRef = 55628FE925BA70FB009DC6BE /* StopwatchView.swift */; };
		55628FEF25BA7131009DC6BE /* SettingsView.swift in Sources */ = {isa = PBXBuildFile; fileRef = 55628FEE25BA7131009DC6BE /* SettingsView.swift */; };
		55628FF425BA716F009DC6BE /* RaceListView.swift in Sources */ = {isa = PBXBuildFile; fileRef = 55628FF325BA716F009DC6BE /* RaceListView.swift */; };
		55628FFC25BA7197009DC6BE /* RaceDetailView.swift in Sources */ = {isa = PBXBuildFile; fileRef = 55628FFB25BA7197009DC6BE /* RaceDetailView.swift */; };
		5562900425BA71D0009DC6BE /* TimerDisplay.swift in Sources */ = {isa = PBXBuildFile; fileRef = 5562900325BA71D0009DC6BE /* TimerDisplay.swift */; };
		5562900C25BA71F1009DC6BE /* ButtonDisplay.swift in Sources */ = {isa = PBXBuildFile; fileRef = 5562900B25BA71F1009DC6BE /* ButtonDisplay.swift */; };
		5562901125BA7215009DC6BE /* ButtonTemplates.swift in Sources */ = {isa = PBXBuildFile; fileRef = 5562901025BA7215009DC6BE /* ButtonTemplates.swift */; };
		5562901625BA7239009DC6BE /* Buttons.swift in Sources */ = {isa = PBXBuildFile; fileRef = 5562901525BA7239009DC6BE /* Buttons.swift */; };
		5562901B25BA725B009DC6BE /* LapDisplay.swift in Sources */ = {isa = PBXBuildFile; fileRef = 5562901A25BA725B009DC6BE /* LapDisplay.swift */; };
		5562902025BA727E009DC6BE /* LapDisplayRowHeader.swift in Sources */ = {isa = PBXBuildFile; fileRef = 5562901F25BA727E009DC6BE /* LapDisplayRowHeader.swift */; };
		5562902525BA729F009DC6BE /* LapDisplayList.swift in Sources */ = {isa = PBXBuildFile; fileRef = 5562902425BA729F009DC6BE /* LapDisplayList.swift */; };
		5562902A25BA72C5009DC6BE /* LapDisplayRow.swift in Sources */ = {isa = PBXBuildFile; fileRef = 5562902925BA72C5009DC6BE /* LapDisplayRow.swift */; };
		5562902F25BA72F1009DC6BE /* LapDisplayCount.swift in Sources */ = {isa = PBXBuildFile; fileRef = 5562902E25BA72F1009DC6BE /* LapDisplayCount.swift */; };
		5562903425BA7312009DC6BE /* LapDisplayTime.swift in Sources */ = {isa = PBXBuildFile; fileRef = 5562903325BA7312009DC6BE /* LapDisplayTime.swift */; };
		5562903925BA7332009DC6BE /* MenuBar.swift in Sources */ = {isa = PBXBuildFile; fileRef = 5562903825BA7332009DC6BE /* MenuBar.swift */; };
		5562903E25BA7382009DC6BE /* Stopwatch.swift in Sources */ = {isa = PBXBuildFile; fileRef = 5562903D25BA7382009DC6BE /* Stopwatch.swift */; };
		556F7E1925C9CF0500FD8640 /* Lap+CoreDataClass.swift in Sources */ = {isa = PBXBuildFile; fileRef = 556F7E1325C9CF0500FD8640 /* Lap+CoreDataClass.swift */; };
		556F7E1A25C9CF0500FD8640 /* Lap+CoreDataProperties.swift in Sources */ = {isa = PBXBuildFile; fileRef = 556F7E1425C9CF0500FD8640 /* Lap+CoreDataProperties.swift */; };
		556F7E3225CC662300FD8640 /* CloudKit.framework in Frameworks */ = {isa = PBXBuildFile; fileRef = 556F7E3125CC662300FD8640 /* CloudKit.framework */; };
		55CD11DD25CF07690073DA2B /* RaceDetailHeader.swift in Sources */ = {isa = PBXBuildFile; fileRef = 55CD11DC25CF07690073DA2B /* RaceDetailHeader.swift */; };
		55D38B5C25DDB310001F8339 /* InstructionsView.swift in Sources */ = {isa = PBXBuildFile; fileRef = 55D38B5B25DDB310001F8339 /* InstructionsView.swift */; };
		55DFC20325E57DF2006A8E7F /* RenameAlert.swift in Sources */ = {isa = PBXBuildFile; fileRef = 55DFC20225E57DF2006A8E7F /* RenameAlert.swift */; };
		55DFC20F25E6F9BF006A8E7F /* SearchBar.swift in Sources */ = {isa = PBXBuildFile; fileRef = 55DFC20E25E6F9BF006A8E7F /* SearchBar.swift */; };
		55E80F4D26090B450026076B /* RaceFilteredList.swift in Sources */ = {isa = PBXBuildFile; fileRef = 55E80F4C26090B450026076B /* RaceFilteredList.swift */; };
		55E80F62260A67560026076B /* Race+CoreDataClass.swift in Sources */ = {isa = PBXBuildFile; fileRef = 55E80F60260A67560026076B /* Race+CoreDataClass.swift */; };
		55E80F63260A67560026076B /* Race+CoreDataProperties.swift in Sources */ = {isa = PBXBuildFile; fileRef = 55E80F61260A67560026076B /* Race+CoreDataProperties.swift */; };
		55E80F68260A79640026076B /* LaunchScreen.storyboard in Resources */ = {isa = PBXBuildFile; fileRef = 55E80F67260A79640026076B /* LaunchScreen.storyboard */; };
/* End PBXBuildFile section */

/* Begin PBXContainerItemProxy section */
		5526440F25AE6B9000111284 /* PBXContainerItemProxy */ = {
			isa = PBXContainerItemProxy;
			containerPortal = 552643F025AE6B8F00111284 /* Project object */;
			proxyType = 1;
			remoteGlobalIDString = 552643F725AE6B8F00111284;
			remoteInfo = "Rate Watch";
		};
		5526441A25AE6B9000111284 /* PBXContainerItemProxy */ = {
			isa = PBXContainerItemProxy;
			containerPortal = 552643F025AE6B8F00111284 /* Project object */;
			proxyType = 1;
			remoteGlobalIDString = 552643F725AE6B8F00111284;
			remoteInfo = "Rate Watch";
		};
/* End PBXContainerItemProxy section */

/* Begin PBXFileReference section */
		552643F825AE6B8F00111284 /* Rate Watch.app */ = {isa = PBXFileReference; explicitFileType = wrapper.application; includeInIndex = 0; path = "Rate Watch.app"; sourceTree = BUILT_PRODUCTS_DIR; };
		552643FB25AE6B8F00111284 /* Rate_WatchApp.swift */ = {isa = PBXFileReference; lastKnownFileType = sourcecode.swift; path = Rate_WatchApp.swift; sourceTree = "<group>"; };
		552643FF25AE6B9000111284 /* Assets.xcassets */ = {isa = PBXFileReference; lastKnownFileType = folder.assetcatalog; path = Assets.xcassets; sourceTree = "<group>"; };
		5526440225AE6B9000111284 /* Preview Assets.xcassets */ = {isa = PBXFileReference; lastKnownFileType = folder.assetcatalog; path = "Preview Assets.xcassets"; sourceTree = "<group>"; };
		5526440425AE6B9000111284 /* PersistenceController.swift */ = {isa = PBXFileReference; lastKnownFileType = sourcecode.swift; path = PersistenceController.swift; sourceTree = "<group>"; };
		5526440925AE6B9000111284 /* Info.plist */ = {isa = PBXFileReference; lastKnownFileType = text.plist.xml; path = Info.plist; sourceTree = "<group>"; };
		5526440E25AE6B9000111284 /* Rate WatchTests.xctest */ = {isa = PBXFileReference; explicitFileType = wrapper.cfbundle; includeInIndex = 0; path = "Rate WatchTests.xctest"; sourceTree = BUILT_PRODUCTS_DIR; };
		5526441225AE6B9000111284 /* Rate_WatchTests.swift */ = {isa = PBXFileReference; lastKnownFileType = sourcecode.swift; path = Rate_WatchTests.swift; sourceTree = "<group>"; };
		5526441425AE6B9000111284 /* Info.plist */ = {isa = PBXFileReference; lastKnownFileType = text.plist.xml; path = Info.plist; sourceTree = "<group>"; };
		5526441925AE6B9000111284 /* Rate WatchUITests.xctest */ = {isa = PBXFileReference; explicitFileType = wrapper.cfbundle; includeInIndex = 0; path = "Rate WatchUITests.xctest"; sourceTree = BUILT_PRODUCTS_DIR; };
		5526441D25AE6B9000111284 /* Rate_WatchUITests.swift */ = {isa = PBXFileReference; lastKnownFileType = sourcecode.swift; path = Rate_WatchUITests.swift; sourceTree = "<group>"; };
		5526441F25AE6B9000111284 /* Info.plist */ = {isa = PBXFileReference; lastKnownFileType = text.plist.xml; path = Info.plist; sourceTree = "<group>"; };
		5526442F25AE6C3B00111284 /* Data.xcdatamodel */ = {isa = PBXFileReference; lastKnownFileType = wrapper.xcdatamodel; path = Data.xcdatamodel; sourceTree = "<group>"; };
		552B165625C8731400AEB806 /* TempLap.swift */ = {isa = PBXFileReference; lastKnownFileType = sourcecode.swift; path = TempLap.swift; sourceTree = "<group>"; };
		552B167825C8C67D00AEB806 /* TempLapDisplayRow.swift */ = {isa = PBXFileReference; lastKnownFileType = sourcecode.swift; path = TempLapDisplayRow.swift; sourceTree = "<group>"; };
		55628FAC25BA6C77009DC6BE /* Constants.swift */ = {isa = PBXFileReference; lastKnownFileType = sourcecode.swift; path = Constants.swift; sourceTree = "<group>"; };
		55628FB425BA6D03009DC6BE /* Settings.swift */ = {isa = PBXFileReference; lastKnownFileType = sourcecode.swift; path = Settings.swift; sourceTree = "<group>"; };
		55628FB925BA6D5C009DC6BE /* TimeIntervalExtension.swift */ = {isa = PBXFileReference; lastKnownFileType = sourcecode.swift; path = TimeIntervalExtension.swift; sourceTree = "<group>"; };
		55628FC125BA6D9D009DC6BE /* TestData.swift */ = {isa = PBXFileReference; lastKnownFileType = sourcecode.swift; path = TestData.swift; sourceTree = "<group>"; };
		55628FC725BA6F38009DC6BE /* ColorExtension.swift */ = {isa = PBXFileReference; lastKnownFileType = sourcecode.swift; path = ColorExtension.swift; sourceTree = "<group>"; };
		55628FD225BA6FF4009DC6BE /* alarm clock.ttf */ = {isa = PBXFileReference; lastKnownFileType = file; path = "alarm clock.ttf"; sourceTree = "<group>"; };
		55628FD725BA7016009DC6BE /* TimeFormatter.swift */ = {isa = PBXFileReference; lastKnownFileType = sourcecode.swift; path = TimeFormatter.swift; sourceTree = "<group>"; };
		55628FDC25BA7025009DC6BE /* Haptics.swift */ = {isa = PBXFileReference; lastKnownFileType = sourcecode.swift; path = Haptics.swift; sourceTree = "<group>"; };
		55628FE925BA70FB009DC6BE /* StopwatchView.swift */ = {isa = PBXFileReference; lastKnownFileType = sourcecode.swift; path = StopwatchView.swift; sourceTree = "<group>"; };
		55628FEE25BA7131009DC6BE /* SettingsView.swift */ = {isa = PBXFileReference; lastKnownFileType = sourcecode.swift; path = SettingsView.swift; sourceTree = "<group>"; };
		55628FF325BA716F009DC6BE /* RaceListView.swift */ = {isa = PBXFileReference; lastKnownFileType = sourcecode.swift; path = RaceListView.swift; sourceTree = "<group>"; };
		55628FFB25BA7197009DC6BE /* RaceDetailView.swift */ = {isa = PBXFileReference; lastKnownFileType = sourcecode.swift; path = RaceDetailView.swift; sourceTree = "<group>"; };
		5562900325BA71D0009DC6BE /* TimerDisplay.swift */ = {isa = PBXFileReference; lastKnownFileType = sourcecode.swift; path = TimerDisplay.swift; sourceTree = "<group>"; };
		5562900B25BA71F1009DC6BE /* ButtonDisplay.swift */ = {isa = PBXFileReference; lastKnownFileType = sourcecode.swift; path = ButtonDisplay.swift; sourceTree = "<group>"; };
		5562901025BA7215009DC6BE /* ButtonTemplates.swift */ = {isa = PBXFileReference; lastKnownFileType = sourcecode.swift; path = ButtonTemplates.swift; sourceTree = "<group>"; };
		5562901525BA7239009DC6BE /* Buttons.swift */ = {isa = PBXFileReference; lastKnownFileType = sourcecode.swift; path = Buttons.swift; sourceTree = "<group>"; };
		5562901A25BA725B009DC6BE /* LapDisplay.swift */ = {isa = PBXFileReference; lastKnownFileType = sourcecode.swift; path = LapDisplay.swift; sourceTree = "<group>"; };
		5562901F25BA727E009DC6BE /* LapDisplayRowHeader.swift */ = {isa = PBXFileReference; lastKnownFileType = sourcecode.swift; path = LapDisplayRowHeader.swift; sourceTree = "<group>"; };
		5562902425BA729F009DC6BE /* LapDisplayList.swift */ = {isa = PBXFileReference; lastKnownFileType = sourcecode.swift; path = LapDisplayList.swift; sourceTree = "<group>"; };
		5562902925BA72C5009DC6BE /* LapDisplayRow.swift */ = {isa = PBXFileReference; lastKnownFileType = sourcecode.swift; path = LapDisplayRow.swift; sourceTree = "<group>"; };
		5562902E25BA72F1009DC6BE /* LapDisplayCount.swift */ = {isa = PBXFileReference; lastKnownFileType = sourcecode.swift; path = LapDisplayCount.swift; sourceTree = "<group>"; };
		5562903325BA7312009DC6BE /* LapDisplayTime.swift */ = {isa = PBXFileReference; lastKnownFileType = sourcecode.swift; path = LapDisplayTime.swift; sourceTree = "<group>"; };
		5562903825BA7332009DC6BE /* MenuBar.swift */ = {isa = PBXFileReference; lastKnownFileType = sourcecode.swift; path = MenuBar.swift; sourceTree = "<group>"; };
		5562903D25BA7382009DC6BE /* Stopwatch.swift */ = {isa = PBXFileReference; lastKnownFileType = sourcecode.swift; path = Stopwatch.swift; sourceTree = "<group>"; };
		556F7E1325C9CF0500FD8640 /* Lap+CoreDataClass.swift */ = {isa = PBXFileReference; lastKnownFileType = sourcecode.swift; path = "Lap+CoreDataClass.swift"; sourceTree = SOURCE_ROOT; };
		556F7E1425C9CF0500FD8640 /* Lap+CoreDataProperties.swift */ = {isa = PBXFileReference; lastKnownFileType = sourcecode.swift; path = "Lap+CoreDataProperties.swift"; sourceTree = SOURCE_ROOT; };
		556F7E2C25CC661E00FD8640 /* Rate Watch.entitlements */ = {isa = PBXFileReference; lastKnownFileType = text.plist.entitlements; path = "Rate Watch.entitlements"; sourceTree = "<group>"; };
		556F7E3125CC662300FD8640 /* CloudKit.framework */ = {isa = PBXFileReference; lastKnownFileType = wrapper.framework; name = CloudKit.framework; path = System/Library/Frameworks/CloudKit.framework; sourceTree = SDKROOT; };
		55CD11DC25CF07690073DA2B /* RaceDetailHeader.swift */ = {isa = PBXFileReference; lastKnownFileType = sourcecode.swift; path = RaceDetailHeader.swift; sourceTree = "<group>"; };
		55D38B5B25DDB310001F8339 /* InstructionsView.swift */ = {isa = PBXFileReference; lastKnownFileType = sourcecode.swift; path = InstructionsView.swift; sourceTree = "<group>"; };
		55DFC20225E57DF2006A8E7F /* RenameAlert.swift */ = {isa = PBXFileReference; lastKnownFileType = sourcecode.swift; path = RenameAlert.swift; sourceTree = "<group>"; };
		55DFC20E25E6F9BF006A8E7F /* SearchBar.swift */ = {isa = PBXFileReference; lastKnownFileType = sourcecode.swift; path = SearchBar.swift; sourceTree = "<group>"; };
		55E80F4C26090B450026076B /* RaceFilteredList.swift */ = {isa = PBXFileReference; lastKnownFileType = sourcecode.swift; path = RaceFilteredList.swift; sourceTree = "<group>"; };
		55E80F60260A67560026076B /* Race+CoreDataClass.swift */ = {isa = PBXFileReference; lastKnownFileType = sourcecode.swift; path = "Race+CoreDataClass.swift"; sourceTree = SOURCE_ROOT; };
		55E80F61260A67560026076B /* Race+CoreDataProperties.swift */ = {isa = PBXFileReference; lastKnownFileType = sourcecode.swift; path = "Race+CoreDataProperties.swift"; sourceTree = SOURCE_ROOT; };
		55E80F67260A79640026076B /* LaunchScreen.storyboard */ = {isa = PBXFileReference; lastKnownFileType = file.storyboard; path = LaunchScreen.storyboard; sourceTree = "<group>"; };
/* End PBXFileReference section */

/* Begin PBXFrameworksBuildPhase section */
		552643F525AE6B8F00111284 /* Frameworks */ = {
			isa = PBXFrameworksBuildPhase;
			buildActionMask = 2147483647;
			files = (
				556F7E3225CC662300FD8640 /* CloudKit.framework in Frameworks */,
			);
			runOnlyForDeploymentPostprocessing = 0;
		};
		5526440B25AE6B9000111284 /* Frameworks */ = {
			isa = PBXFrameworksBuildPhase;
			buildActionMask = 2147483647;
			files = (
			);
			runOnlyForDeploymentPostprocessing = 0;
		};
		5526441625AE6B9000111284 /* Frameworks */ = {
			isa = PBXFrameworksBuildPhase;
			buildActionMask = 2147483647;
			files = (
			);
			runOnlyForDeploymentPostprocessing = 0;
		};
/* End PBXFrameworksBuildPhase section */

/* Begin PBXGroup section */
		552643EF25AE6B8F00111284 = {
			isa = PBXGroup;
			children = (
				552643FA25AE6B8F00111284 /* Rate Watch */,
				5526441125AE6B9000111284 /* Rate WatchTests */,
				5526441C25AE6B9000111284 /* Rate WatchUITests */,
				552643F925AE6B8F00111284 /* Products */,
				556F7E3025CC662300FD8640 /* Frameworks */,
			);
			sourceTree = "<group>";
		};
		552643F925AE6B8F00111284 /* Products */ = {
			isa = PBXGroup;
			children = (
				552643F825AE6B8F00111284 /* Rate Watch.app */,
				5526440E25AE6B9000111284 /* Rate WatchTests.xctest */,
				5526441925AE6B9000111284 /* Rate WatchUITests.xctest */,
			);
			name = Products;
			sourceTree = "<group>";
		};
		552643FA25AE6B8F00111284 /* Rate Watch */ = {
			isa = PBXGroup;
			children = (
				556F7E2C25CC661E00FD8640 /* Rate Watch.entitlements */,
				552643FB25AE6B8F00111284 /* Rate_WatchApp.swift */,
				5526440925AE6B9000111284 /* Info.plist */,
				552643FF25AE6B9000111284 /* Assets.xcassets */,
				55628F8025B533AF009DC6BE /* Models */,
				55628FAB25BA6C43009DC6BE /* ViewModels */,
				55628F7025B53331009DC6BE /* Views */,
				55628F7C25B5339A009DC6BE /* CoreData */,
				55628FC625BA6EF1009DC6BE /* Utilities */,
				5526440125AE6B9000111284 /* Preview Content */,
			);
			path = "Rate Watch";
			sourceTree = "<group>";
		};
		5526440125AE6B9000111284 /* Preview Content */ = {
			isa = PBXGroup;
			children = (
				5526440225AE6B9000111284 /* Preview Assets.xcassets */,
			);
			path = "Preview Content";
			sourceTree = "<group>";
		};
		5526441125AE6B9000111284 /* Rate WatchTests */ = {
			isa = PBXGroup;
			children = (
				5526441225AE6B9000111284 /* Rate_WatchTests.swift */,
				5526441425AE6B9000111284 /* Info.plist */,
			);
			path = "Rate WatchTests";
			sourceTree = "<group>";
		};
		5526441C25AE6B9000111284 /* Rate WatchUITests */ = {
			isa = PBXGroup;
			children = (
				5526441D25AE6B9000111284 /* Rate_WatchUITests.swift */,
				5526441F25AE6B9000111284 /* Info.plist */,
			);
			path = "Rate WatchUITests";
			sourceTree = "<group>";
		};
		55628F7025B53331009DC6BE /* Views */ = {
			isa = PBXGroup;
			children = (
				55628F7425B53346009DC6BE /* Screens */,
				55628F7825B5334D009DC6BE /* Components */,
			);
			path = Views;
			sourceTree = "<group>";
		};
		55628F7425B53346009DC6BE /* Screens */ = {
			isa = PBXGroup;
			children = (
				55628FE925BA70FB009DC6BE /* StopwatchView.swift */,
				55628FEE25BA7131009DC6BE /* SettingsView.swift */,
				55628FF325BA716F009DC6BE /* RaceListView.swift */,
				55628FFB25BA7197009DC6BE /* RaceDetailView.swift */,
				55D38B5B25DDB310001F8339 /* InstructionsView.swift */,
				55E80F67260A79640026076B /* LaunchScreen.storyboard */,
			);
			path = Screens;
			sourceTree = "<group>";
		};
		55628F7825B5334D009DC6BE /* Components */ = {
			isa = PBXGroup;
			children = (
				5562900325BA71D0009DC6BE /* TimerDisplay.swift */,
				5562900B25BA71F1009DC6BE /* ButtonDisplay.swift */,
				5562901025BA7215009DC6BE /* ButtonTemplates.swift */,
				5562901525BA7239009DC6BE /* Buttons.swift */,
				5562901A25BA725B009DC6BE /* LapDisplay.swift */,
				5562901F25BA727E009DC6BE /* LapDisplayRowHeader.swift */,
				5562902425BA729F009DC6BE /* LapDisplayList.swift */,
				5562902925BA72C5009DC6BE /* LapDisplayRow.swift */,
				552B167825C8C67D00AEB806 /* TempLapDisplayRow.swift */,
				5562902E25BA72F1009DC6BE /* LapDisplayCount.swift */,
				5562903325BA7312009DC6BE /* LapDisplayTime.swift */,
				55CD11DC25CF07690073DA2B /* RaceDetailHeader.swift */,
				55E80F4C26090B450026076B /* RaceFilteredList.swift */,
				5562903825BA7332009DC6BE /* MenuBar.swift */,
				55DFC20225E57DF2006A8E7F /* RenameAlert.swift */,
				55DFC20E25E6F9BF006A8E7F /* SearchBar.swift */,
			);
			path = Components;
			sourceTree = "<group>";
		};
		55628F7C25B5339A009DC6BE /* CoreData */ = {
			isa = PBXGroup;
			children = (
				5526440425AE6B9000111284 /* PersistenceController.swift */,
				5526442E25AE6C3B00111284 /* Data.xcdatamodeld */,
			);
			path = CoreData;
			sourceTree = "<group>";
		};
		55628F8025B533AF009DC6BE /* Models */ = {
			isa = PBXGroup;
			children = (
				55E80F60260A67560026076B /* Race+CoreDataClass.swift */,
				55E80F61260A67560026076B /* Race+CoreDataProperties.swift */,
				556F7E1325C9CF0500FD8640 /* Lap+CoreDataClass.swift */,
				556F7E1425C9CF0500FD8640 /* Lap+CoreDataProperties.swift */,
				55628FB425BA6D03009DC6BE /* Settings.swift */,
				552B165625C8731400AEB806 /* TempLap.swift */,
			);
			path = Models;
			sourceTree = "<group>";
		};
		55628FAB25BA6C43009DC6BE /* ViewModels */ = {
			isa = PBXGroup;
			children = (
				5562903D25BA7382009DC6BE /* Stopwatch.swift */,
			);
			path = ViewModels;
			sourceTree = "<group>";
		};
		55628FC625BA6EF1009DC6BE /* Utilities */ = {
			isa = PBXGroup;
			children = (
				55628FD225BA6FF4009DC6BE /* alarm clock.ttf */,
				55628FC725BA6F38009DC6BE /* ColorExtension.swift */,
				55628FAC25BA6C77009DC6BE /* Constants.swift */,
				55628FDC25BA7025009DC6BE /* Haptics.swift */,
				55628FC125BA6D9D009DC6BE /* TestData.swift */,
				55628FD725BA7016009DC6BE /* TimeFormatter.swift */,
				55628FB925BA6D5C009DC6BE /* TimeIntervalExtension.swift */,
			);
			path = Utilities;
			sourceTree = "<group>";
		};
		556F7E3025CC662300FD8640 /* Frameworks */ = {
			isa = PBXGroup;
			children = (
				556F7E3125CC662300FD8640 /* CloudKit.framework */,
			);
			name = Frameworks;
			sourceTree = "<group>";
		};
/* End PBXGroup section */

/* Begin PBXNativeTarget section */
		552643F725AE6B8F00111284 /* Rate Watch */ = {
			isa = PBXNativeTarget;
			buildConfigurationList = 5526442225AE6B9000111284 /* Build configuration list for PBXNativeTarget "Rate Watch" */;
			buildPhases = (
				552643F425AE6B8F00111284 /* Sources */,
				552643F525AE6B8F00111284 /* Frameworks */,
				552643F625AE6B8F00111284 /* Resources */,
			);
			buildRules = (
			);
			dependencies = (
			);
			name = "Rate Watch";
			productName = "Rate Watch";
			productReference = 552643F825AE6B8F00111284 /* Rate Watch.app */;
			productType = "com.apple.product-type.application";
		};
		5526440D25AE6B9000111284 /* Rate WatchTests */ = {
			isa = PBXNativeTarget;
			buildConfigurationList = 5526442525AE6B9000111284 /* Build configuration list for PBXNativeTarget "Rate WatchTests" */;
			buildPhases = (
				5526440A25AE6B9000111284 /* Sources */,
				5526440B25AE6B9000111284 /* Frameworks */,
				5526440C25AE6B9000111284 /* Resources */,
			);
			buildRules = (
			);
			dependencies = (
				5526441025AE6B9000111284 /* PBXTargetDependency */,
			);
			name = "Rate WatchTests";
			productName = "Rate WatchTests";
			productReference = 5526440E25AE6B9000111284 /* Rate WatchTests.xctest */;
			productType = "com.apple.product-type.bundle.unit-test";
		};
		5526441825AE6B9000111284 /* Rate WatchUITests */ = {
			isa = PBXNativeTarget;
			buildConfigurationList = 5526442825AE6B9000111284 /* Build configuration list for PBXNativeTarget "Rate WatchUITests" */;
			buildPhases = (
				5526441525AE6B9000111284 /* Sources */,
				5526441625AE6B9000111284 /* Frameworks */,
				5526441725AE6B9000111284 /* Resources */,
			);
			buildRules = (
			);
			dependencies = (
				5526441B25AE6B9000111284 /* PBXTargetDependency */,
			);
			name = "Rate WatchUITests";
			productName = "Rate WatchUITests";
			productReference = 5526441925AE6B9000111284 /* Rate WatchUITests.xctest */;
			productType = "com.apple.product-type.bundle.ui-testing";
		};
/* End PBXNativeTarget section */

/* Begin PBXProject section */
		552643F025AE6B8F00111284 /* Project object */ = {
			isa = PBXProject;
			attributes = {
				LastSwiftUpdateCheck = 1230;
				LastUpgradeCheck = 1230;
				TargetAttributes = {
					552643F725AE6B8F00111284 = {
						CreatedOnToolsVersion = 12.3;
					};
					5526440D25AE6B9000111284 = {
						CreatedOnToolsVersion = 12.3;
						TestTargetID = 552643F725AE6B8F00111284;
					};
					5526441825AE6B9000111284 = {
						CreatedOnToolsVersion = 12.3;
						TestTargetID = 552643F725AE6B8F00111284;
					};
				};
			};
			buildConfigurationList = 552643F325AE6B8F00111284 /* Build configuration list for PBXProject "Rate Watch" */;
			compatibilityVersion = "Xcode 9.3";
			developmentRegion = en;
			hasScannedForEncodings = 0;
			knownRegions = (
				en,
				Base,
			);
			mainGroup = 552643EF25AE6B8F00111284;
			productRefGroup = 552643F925AE6B8F00111284 /* Products */;
			projectDirPath = "";
			projectRoot = "";
			targets = (
				552643F725AE6B8F00111284 /* Rate Watch */,
				5526440D25AE6B9000111284 /* Rate WatchTests */,
				5526441825AE6B9000111284 /* Rate WatchUITests */,
			);
		};
/* End PBXProject section */

/* Begin PBXResourcesBuildPhase section */
		552643F625AE6B8F00111284 /* Resources */ = {
			isa = PBXResourcesBuildPhase;
			buildActionMask = 2147483647;
			files = (
				5526440325AE6B9000111284 /* Preview Assets.xcassets in Resources */,
				55E80F68260A79640026076B /* LaunchScreen.storyboard in Resources */,
				55628FD325BA6FF4009DC6BE /* alarm clock.ttf in Resources */,
				5526440025AE6B9000111284 /* Assets.xcassets in Resources */,
			);
			runOnlyForDeploymentPostprocessing = 0;
		};
		5526440C25AE6B9000111284 /* Resources */ = {
			isa = PBXResourcesBuildPhase;
			buildActionMask = 2147483647;
			files = (
			);
			runOnlyForDeploymentPostprocessing = 0;
		};
		5526441725AE6B9000111284 /* Resources */ = {
			isa = PBXResourcesBuildPhase;
			buildActionMask = 2147483647;
			files = (
			);
			runOnlyForDeploymentPostprocessing = 0;
		};
/* End PBXResourcesBuildPhase section */

/* Begin PBXSourcesBuildPhase section */
		552643F425AE6B8F00111284 /* Sources */ = {
			isa = PBXSourcesBuildPhase;
			buildActionMask = 2147483647;
			files = (
				5562901625BA7239009DC6BE /* Buttons.swift in Sources */,
				55628FEF25BA7131009DC6BE /* SettingsView.swift in Sources */,
				55628FFC25BA7197009DC6BE /* RaceDetailView.swift in Sources */,
				55628FDD25BA7025009DC6BE /* Haptics.swift in Sources */,
				5562903425BA7312009DC6BE /* LapDisplayTime.swift in Sources */,
				55DFC20F25E6F9BF006A8E7F /* SearchBar.swift in Sources */,
				55CD11DD25CF07690073DA2B /* RaceDetailHeader.swift in Sources */,
				5562901B25BA725B009DC6BE /* LapDisplay.swift in Sources */,
				5562901125BA7215009DC6BE /* ButtonTemplates.swift in Sources */,
				5562902F25BA72F1009DC6BE /* LapDisplayCount.swift in Sources */,
				55628FC225BA6D9D009DC6BE /* TestData.swift in Sources */,
				5526440525AE6B9000111284 /* PersistenceController.swift in Sources */,
				5562900425BA71D0009DC6BE /* TimerDisplay.swift in Sources */,
				5562900C25BA71F1009DC6BE /* ButtonDisplay.swift in Sources */,
				55628FB525BA6D03009DC6BE /* Settings.swift in Sources */,
				55DFC20325E57DF2006A8E7F /* RenameAlert.swift in Sources */,
				5526443025AE6C3B00111284 /* Data.xcdatamodeld in Sources */,
				55628FBA25BA6D5C009DC6BE /* TimeIntervalExtension.swift in Sources */,
				556F7E1925C9CF0500FD8640 /* Lap+CoreDataClass.swift in Sources */,
				5562902525BA729F009DC6BE /* LapDisplayList.swift in Sources */,
				552B167925C8C67D00AEB806 /* TempLapDisplayRow.swift in Sources */,
				55628FD825BA7016009DC6BE /* TimeFormatter.swift in Sources */,
				5562903E25BA7382009DC6BE /* Stopwatch.swift in Sources */,
				55E80F63260A67560026076B /* Race+CoreDataProperties.swift in Sources */,
				55628FAD25BA6C77009DC6BE /* Constants.swift in Sources */,
				55E80F4D26090B450026076B /* RaceFilteredList.swift in Sources */,
				55D38B5C25DDB310001F8339 /* InstructionsView.swift in Sources */,
				5562902A25BA72C5009DC6BE /* LapDisplayRow.swift in Sources */,
				552643FC25AE6B8F00111284 /* Rate_WatchApp.swift in Sources */,
				5562902025BA727E009DC6BE /* LapDisplayRowHeader.swift in Sources */,
				552B165725C8731400AEB806 /* TempLap.swift in Sources */,
				55E80F62260A67560026076B /* Race+CoreDataClass.swift in Sources */,
				55628FEA25BA70FB009DC6BE /* StopwatchView.swift in Sources */,
				55628FC825BA6F38009DC6BE /* ColorExtension.swift in Sources */,
				556F7E1A25C9CF0500FD8640 /* Lap+CoreDataProperties.swift in Sources */,
				5562903925BA7332009DC6BE /* MenuBar.swift in Sources */,
				55628FF425BA716F009DC6BE /* RaceListView.swift in Sources */,
			);
			runOnlyForDeploymentPostprocessing = 0;
		};
		5526440A25AE6B9000111284 /* Sources */ = {
			isa = PBXSourcesBuildPhase;
			buildActionMask = 2147483647;
			files = (
				5526441325AE6B9000111284 /* Rate_WatchTests.swift in Sources */,
			);
			runOnlyForDeploymentPostprocessing = 0;
		};
		5526441525AE6B9000111284 /* Sources */ = {
			isa = PBXSourcesBuildPhase;
			buildActionMask = 2147483647;
			files = (
				5526441E25AE6B9000111284 /* Rate_WatchUITests.swift in Sources */,
			);
			runOnlyForDeploymentPostprocessing = 0;
		};
/* End PBXSourcesBuildPhase section */

/* Begin PBXTargetDependency section */
		5526441025AE6B9000111284 /* PBXTargetDependency */ = {
			isa = PBXTargetDependency;
			target = 552643F725AE6B8F00111284 /* Rate Watch */;
			targetProxy = 5526440F25AE6B9000111284 /* PBXContainerItemProxy */;
		};
		5526441B25AE6B9000111284 /* PBXTargetDependency */ = {
			isa = PBXTargetDependency;
			target = 552643F725AE6B8F00111284 /* Rate Watch */;
			targetProxy = 5526441A25AE6B9000111284 /* PBXContainerItemProxy */;
		};
/* End PBXTargetDependency section */

/* Begin XCBuildConfiguration section */
		5526442025AE6B9000111284 /* Debug */ = {
			isa = XCBuildConfiguration;
			buildSettings = {
				ALWAYS_SEARCH_USER_PATHS = NO;
				CLANG_ANALYZER_NONNULL = YES;
				CLANG_ANALYZER_NUMBER_OBJECT_CONVERSION = YES_AGGRESSIVE;
				CLANG_CXX_LANGUAGE_STANDARD = "gnu++14";
				CLANG_CXX_LIBRARY = "libc++";
				CLANG_ENABLE_MODULES = YES;
				CLANG_ENABLE_OBJC_ARC = YES;
				CLANG_ENABLE_OBJC_WEAK = YES;
				CLANG_WARN_BLOCK_CAPTURE_AUTORELEASING = YES;
				CLANG_WARN_BOOL_CONVERSION = YES;
				CLANG_WARN_COMMA = YES;
				CLANG_WARN_CONSTANT_CONVERSION = YES;
				CLANG_WARN_DEPRECATED_OBJC_IMPLEMENTATIONS = YES;
				CLANG_WARN_DIRECT_OBJC_ISA_USAGE = YES_ERROR;
				CLANG_WARN_DOCUMENTATION_COMMENTS = YES;
				CLANG_WARN_EMPTY_BODY = YES;
				CLANG_WARN_ENUM_CONVERSION = YES;
				CLANG_WARN_INFINITE_RECURSION = YES;
				CLANG_WARN_INT_CONVERSION = YES;
				CLANG_WARN_NON_LITERAL_NULL_CONVERSION = YES;
				CLANG_WARN_OBJC_IMPLICIT_RETAIN_SELF = YES;
				CLANG_WARN_OBJC_LITERAL_CONVERSION = YES;
				CLANG_WARN_OBJC_ROOT_CLASS = YES_ERROR;
				CLANG_WARN_QUOTED_INCLUDE_IN_FRAMEWORK_HEADER = YES;
				CLANG_WARN_RANGE_LOOP_ANALYSIS = YES;
				CLANG_WARN_STRICT_PROTOTYPES = YES;
				CLANG_WARN_SUSPICIOUS_MOVE = YES;
				CLANG_WARN_UNGUARDED_AVAILABILITY = YES_AGGRESSIVE;
				CLANG_WARN_UNREACHABLE_CODE = YES;
				CLANG_WARN__DUPLICATE_METHOD_MATCH = YES;
				COPY_PHASE_STRIP = NO;
				DEBUG_INFORMATION_FORMAT = dwarf;
				ENABLE_STRICT_OBJC_MSGSEND = YES;
				ENABLE_TESTABILITY = YES;
				GCC_C_LANGUAGE_STANDARD = gnu11;
				GCC_DYNAMIC_NO_PIC = NO;
				GCC_NO_COMMON_BLOCKS = YES;
				GCC_OPTIMIZATION_LEVEL = 0;
				GCC_PREPROCESSOR_DEFINITIONS = (
					"DEBUG=1",
					"$(inherited)",
				);
				GCC_WARN_64_TO_32_BIT_CONVERSION = YES;
				GCC_WARN_ABOUT_RETURN_TYPE = YES_ERROR;
				GCC_WARN_UNDECLARED_SELECTOR = YES;
				GCC_WARN_UNINITIALIZED_AUTOS = YES_AGGRESSIVE;
				GCC_WARN_UNUSED_FUNCTION = YES;
				GCC_WARN_UNUSED_VARIABLE = YES;
				IPHONEOS_DEPLOYMENT_TARGET = 14.1;
				MTL_ENABLE_DEBUG_INFO = INCLUDE_SOURCE;
				MTL_FAST_MATH = YES;
				ONLY_ACTIVE_ARCH = YES;
				SDKROOT = iphoneos;
				SWIFT_ACTIVE_COMPILATION_CONDITIONS = DEBUG;
				SWIFT_OPTIMIZATION_LEVEL = "-Onone";
			};
			name = Debug;
		};
		5526442125AE6B9000111284 /* Release */ = {
			isa = XCBuildConfiguration;
			buildSettings = {
				ALWAYS_SEARCH_USER_PATHS = NO;
				CLANG_ANALYZER_NONNULL = YES;
				CLANG_ANALYZER_NUMBER_OBJECT_CONVERSION = YES_AGGRESSIVE;
				CLANG_CXX_LANGUAGE_STANDARD = "gnu++14";
				CLANG_CXX_LIBRARY = "libc++";
				CLANG_ENABLE_MODULES = YES;
				CLANG_ENABLE_OBJC_ARC = YES;
				CLANG_ENABLE_OBJC_WEAK = YES;
				CLANG_WARN_BLOCK_CAPTURE_AUTORELEASING = YES;
				CLANG_WARN_BOOL_CONVERSION = YES;
				CLANG_WARN_COMMA = YES;
				CLANG_WARN_CONSTANT_CONVERSION = YES;
				CLANG_WARN_DEPRECATED_OBJC_IMPLEMENTATIONS = YES;
				CLANG_WARN_DIRECT_OBJC_ISA_USAGE = YES_ERROR;
				CLANG_WARN_DOCUMENTATION_COMMENTS = YES;
				CLANG_WARN_EMPTY_BODY = YES;
				CLANG_WARN_ENUM_CONVERSION = YES;
				CLANG_WARN_INFINITE_RECURSION = YES;
				CLANG_WARN_INT_CONVERSION = YES;
				CLANG_WARN_NON_LITERAL_NULL_CONVERSION = YES;
				CLANG_WARN_OBJC_IMPLICIT_RETAIN_SELF = YES;
				CLANG_WARN_OBJC_LITERAL_CONVERSION = YES;
				CLANG_WARN_OBJC_ROOT_CLASS = YES_ERROR;
				CLANG_WARN_QUOTED_INCLUDE_IN_FRAMEWORK_HEADER = YES;
				CLANG_WARN_RANGE_LOOP_ANALYSIS = YES;
				CLANG_WARN_STRICT_PROTOTYPES = YES;
				CLANG_WARN_SUSPICIOUS_MOVE = YES;
				CLANG_WARN_UNGUARDED_AVAILABILITY = YES_AGGRESSIVE;
				CLANG_WARN_UNREACHABLE_CODE = YES;
				CLANG_WARN__DUPLICATE_METHOD_MATCH = YES;
				COPY_PHASE_STRIP = NO;
				DEBUG_INFORMATION_FORMAT = "dwarf-with-dsym";
				ENABLE_NS_ASSERTIONS = NO;
				ENABLE_STRICT_OBJC_MSGSEND = YES;
				GCC_C_LANGUAGE_STANDARD = gnu11;
				GCC_NO_COMMON_BLOCKS = YES;
				GCC_WARN_64_TO_32_BIT_CONVERSION = YES;
				GCC_WARN_ABOUT_RETURN_TYPE = YES_ERROR;
				GCC_WARN_UNDECLARED_SELECTOR = YES;
				GCC_WARN_UNINITIALIZED_AUTOS = YES_AGGRESSIVE;
				GCC_WARN_UNUSED_FUNCTION = YES;
				GCC_WARN_UNUSED_VARIABLE = YES;
				IPHONEOS_DEPLOYMENT_TARGET = 14.1;
				MTL_ENABLE_DEBUG_INFO = NO;
				MTL_FAST_MATH = YES;
				SDKROOT = iphoneos;
				SWIFT_COMPILATION_MODE = wholemodule;
				SWIFT_OPTIMIZATION_LEVEL = "-O";
				VALIDATE_PRODUCT = YES;
			};
			name = Release;
		};
		5526442325AE6B9000111284 /* Debug */ = {
			isa = XCBuildConfiguration;
			buildSettings = {
				ASSETCATALOG_COMPILER_APPICON_NAME = AppIcon;
				ASSETCATALOG_COMPILER_GLOBAL_ACCENT_COLOR_NAME = AccentColor;
				CODE_SIGN_ENTITLEMENTS = "Rate Watch/Rate Watch.entitlements";
				CODE_SIGN_STYLE = Automatic;
				CURRENT_PROJECT_VERSION = 4;
				DEVELOPMENT_ASSET_PATHS = "\"Rate Watch/Preview Content\"";
				DEVELOPMENT_TEAM = 54R7945PDG;
				ENABLE_PREVIEWS = YES;
				INFOPLIST_FILE = "Rate Watch/Info.plist";
				IPHONEOS_DEPLOYMENT_TARGET = 14.0;
				LD_RUNPATH_SEARCH_PATHS = (
					"$(inherited)",
					"@executable_path/Frameworks",
				);
				MARKETING_VERSION = 1.3;
				PRODUCT_BUNDLE_IDENTIFIER = "org.swimportal.Rate-Watch";
				PRODUCT_NAME = "$(TARGET_NAME)";
				SWIFT_VERSION = 5.0;
				TARGETED_DEVICE_FAMILY = "1,2";
			};
			name = Debug;
		};
		5526442425AE6B9000111284 /* Release */ = {
			isa = XCBuildConfiguration;
			buildSettings = {
				ASSETCATALOG_COMPILER_APPICON_NAME = AppIcon;
				ASSETCATALOG_COMPILER_GLOBAL_ACCENT_COLOR_NAME = AccentColor;
				CODE_SIGN_ENTITLEMENTS = "Rate Watch/Rate Watch.entitlements";
				CODE_SIGN_STYLE = Automatic;
				CURRENT_PROJECT_VERSION = 4;
				DEVELOPMENT_ASSET_PATHS = "\"Rate Watch/Preview Content\"";
				DEVELOPMENT_TEAM = 54R7945PDG;
				ENABLE_PREVIEWS = YES;
				INFOPLIST_FILE = "Rate Watch/Info.plist";
				IPHONEOS_DEPLOYMENT_TARGET = 14.0;
				LD_RUNPATH_SEARCH_PATHS = (
					"$(inherited)",
					"@executable_path/Frameworks",
				);
				MARKETING_VERSION = 1.3;
				PRODUCT_BUNDLE_IDENTIFIER = "org.swimportal.Rate-Watch";
				PRODUCT_NAME = "$(TARGET_NAME)";
				SWIFT_VERSION = 5.0;
				TARGETED_DEVICE_FAMILY = "1,2";
			};
			name = Release;
		};
		5526442625AE6B9000111284 /* Debug */ = {
			isa = XCBuildConfiguration;
			buildSettings = {
				ALWAYS_EMBED_SWIFT_STANDARD_LIBRARIES = YES;
				BUNDLE_LOADER = "$(TEST_HOST)";
				CODE_SIGN_STYLE = Automatic;
				DEVELOPMENT_TEAM = 54R7945PDG;
				INFOPLIST_FILE = "Rate WatchTests/Info.plist";
				IPHONEOS_DEPLOYMENT_TARGET = 14.0;
				LD_RUNPATH_SEARCH_PATHS = (
					"$(inherited)",
					"@executable_path/Frameworks",
					"@loader_path/Frameworks",
				);
				PRODUCT_BUNDLE_IDENTIFIER = "org.swimportal.Rate-WatchTests";
				PRODUCT_NAME = "$(TARGET_NAME)";
				SWIFT_VERSION = 5.0;
				TARGETED_DEVICE_FAMILY = "1,2";
				TEST_HOST = "$(BUILT_PRODUCTS_DIR)/Rate Watch.app/Rate Watch";
			};
			name = Debug;
		};
		5526442725AE6B9000111284 /* Release */ = {
			isa = XCBuildConfiguration;
			buildSettings = {
				ALWAYS_EMBED_SWIFT_STANDARD_LIBRARIES = YES;
				BUNDLE_LOADER = "$(TEST_HOST)";
				CODE_SIGN_STYLE = Automatic;
				DEVELOPMENT_TEAM = 54R7945PDG;
				INFOPLIST_FILE = "Rate WatchTests/Info.plist";
				IPHONEOS_DEPLOYMENT_TARGET = 14.0;
				LD_RUNPATH_SEARCH_PATHS = (
					"$(inherited)",
					"@executable_path/Frameworks",
					"@loader_path/Frameworks",
				);
				PRODUCT_BUNDLE_IDENTIFIER = "org.swimportal.Rate-WatchTests";
				PRODUCT_NAME = "$(TARGET_NAME)";
				SWIFT_VERSION = 5.0;
				TARGETED_DEVICE_FAMILY = "1,2";
				TEST_HOST = "$(BUILT_PRODUCTS_DIR)/Rate Watch.app/Rate Watch";
			};
			name = Release;
		};
		5526442925AE6B9000111284 /* Debug */ = {
			isa = XCBuildConfiguration;
			buildSettings = {
				ALWAYS_EMBED_SWIFT_STANDARD_LIBRARIES = YES;
				CODE_SIGN_STYLE = Automatic;
				DEVELOPMENT_TEAM = 54R7945PDG;
				INFOPLIST_FILE = "Rate WatchUITests/Info.plist";
				LD_RUNPATH_SEARCH_PATHS = (
					"$(inherited)",
					"@executable_path/Frameworks",
					"@loader_path/Frameworks",
				);
				PRODUCT_BUNDLE_IDENTIFIER = "org.swimportal.Rate-WatchUITests";
				PRODUCT_NAME = "$(TARGET_NAME)";
				SWIFT_VERSION = 5.0;
				TARGETED_DEVICE_FAMILY = "1,2";
				TEST_TARGET_NAME = "Rate Watch";
			};
			name = Debug;
		};
		5526442A25AE6B9000111284 /* Release */ = {
			isa = XCBuildConfiguration;
			buildSettings = {
				ALWAYS_EMBED_SWIFT_STANDARD_LIBRARIES = YES;
				CODE_SIGN_STYLE = Automatic;
				DEVELOPMENT_TEAM = 54R7945PDG;
				INFOPLIST_FILE = "Rate WatchUITests/Info.plist";
				LD_RUNPATH_SEARCH_PATHS = (
					"$(inherited)",
					"@executable_path/Frameworks",
					"@loader_path/Frameworks",
				);
				PRODUCT_BUNDLE_IDENTIFIER = "org.swimportal.Rate-WatchUITests";
				PRODUCT_NAME = "$(TARGET_NAME)";
				SWIFT_VERSION = 5.0;
				TARGETED_DEVICE_FAMILY = "1,2";
				TEST_TARGET_NAME = "Rate Watch";
			};
			name = Release;
		};
/* End XCBuildConfiguration section */

/* Begin XCConfigurationList section */
		552643F325AE6B8F00111284 /* Build configuration list for PBXProject "Rate Watch" */ = {
			isa = XCConfigurationList;
			buildConfigurations = (
				5526442025AE6B9000111284 /* Debug */,
				5526442125AE6B9000111284 /* Release */,
			);
			defaultConfigurationIsVisible = 0;
			defaultConfigurationName = Release;
		};
		5526442225AE6B9000111284 /* Build configuration list for PBXNativeTarget "Rate Watch" */ = {
			isa = XCConfigurationList;
			buildConfigurations = (
				5526442325AE6B9000111284 /* Debug */,
				5526442425AE6B9000111284 /* Release */,
			);
			defaultConfigurationIsVisible = 0;
			defaultConfigurationName = Release;
		};
		5526442525AE6B9000111284 /* Build configuration list for PBXNativeTarget "Rate WatchTests" */ = {
			isa = XCConfigurationList;
			buildConfigurations = (
				5526442625AE6B9000111284 /* Debug */,
				5526442725AE6B9000111284 /* Release */,
			);
			defaultConfigurationIsVisible = 0;
			defaultConfigurationName = Release;
		};
		5526442825AE6B9000111284 /* Build configuration list for PBXNativeTarget "Rate WatchUITests" */ = {
			isa = XCConfigurationList;
			buildConfigurations = (
				5526442925AE6B9000111284 /* Debug */,
				5526442A25AE6B9000111284 /* Release */,
			);
			defaultConfigurationIsVisible = 0;
			defaultConfigurationName = Release;
		};
/* End XCConfigurationList section */

/* Begin XCVersionGroup section */
		5526442E25AE6C3B00111284 /* Data.xcdatamodeld */ = {
			isa = XCVersionGroup;
			children = (
				5526442F25AE6C3B00111284 /* Data.xcdatamodel */,
			);
			currentVersion = 5526442F25AE6C3B00111284 /* Data.xcdatamodel */;
			path = Data.xcdatamodeld;
			sourceTree = "<group>";
			versionGroupType = wrapper.xcdatamodel;
		};
/* End XCVersionGroup section */
	};
	rootObject = 552643F025AE6B8F00111284 /* Project object */;
}
